PODS:
  - AFNetworking (3.0.4):
    - AFNetworking/NSURLSession (= 3.0.4)
    - AFNetworking/Reachability (= 3.0.4)
    - AFNetworking/Security (= 3.0.4)
    - AFNetworking/Serialization (= 3.0.4)
    - AFNetworking/UIKit (= 3.0.4)
  - AFNetworking/NSURLSession (3.0.4):
    - AFNetworking/Reachability
    - AFNetworking/Security
    - AFNetworking/Serialization
  - AFNetworking/Reachability (3.0.4)
  - AFNetworking/Security (3.0.4)
  - AFNetworking/Serialization (3.0.4)
  - AFNetworking/UIKit (3.0.4):
    - AFNetworking/NSURLSession
  - CHTCollectionViewWaterfallLayout (0.9.5):
    - CHTCollectionViewWaterfallLayout/ObjC (= 0.9.5)
  - CHTCollectionViewWaterfallLayout/ObjC (0.9.5)
  - FDFullscreenPopGesture (1.1)
  - FrameAccessor (2.0)
  - IQKeyboardManager (3.3.7)
  - Masonry (1.0.2)
  - MBProgressHUD (0.9.2)
  - MJExtension (3.0.13)
  - MJRefresh (3.1.12)
  - RDVTabBarController (1.1.9)
  - SDWebImage (3.7.6):
    - SDWebImage/Core (= 3.7.6)
  - SDWebImage/Core (3.7.6)
  - Toast (3.0)
  - UITableView+FDTemplateLayoutCell (1.4)
  - UMengAnalytics (3.5.16)

DEPENDENCIES:
  - AFNetworking (~> 3.0.0-beta.1)
  - CHTCollectionViewWaterfallLayout
  - FDFullscreenPopGesture (~> 1.1)
  - FrameAccessor
  - IQKeyboardManager (~> 3.3.4)
  - Masonry
  - MBProgressHUD (~> 0.9.1)
  - MJExtension
  - MJRefresh
  - RDVTabBarController
  - SDWebImage (~> 3.7.3)
  - Toast (~> 3.0)
  - UITableView+FDTemplateLayoutCell
  - UMengAnalytics (~> 3.5.8)

SPEC CHECKSUMS:
  AFNetworking: a0075feb321559dc78d9d85b55d11caa19eabb93
  CHTCollectionViewWaterfallLayout: 775ff73f48cfc13859b62d8bceb96e772e4a0318
  FDFullscreenPopGesture: a8a620179e3d9c40e8e00256dcee1c1a27c6d0f0
  FrameAccessor: 443a13e58e23a10ff22180da0897b28c3f6abf66
  IQKeyboardManager: 249c3946acf61345c18b038eb50863fe2793e3a8
  Masonry: 7c429b56da9d4ee0bbb3ed77a5ea710d6a5df39e
  MBProgressHUD: 1569cf7ace17a8bac47aabfbb8580a49690386d1
  MJExtension: 5932755f451458eefa24239358817f8d291240c7
  MJRefresh: b96cdb21c4aa75a7b07654311ab2f315c497e806
  RDVTabBarController: 67794f7a7a37f8e32f046f85ac67d06ab92d624a
  SDWebImage: c325cf02c30337336b95beff20a13df489ec0ec9
  Toast: 32c59229abfcf41850162b83bb9259dc84372473
  UITableView+FDTemplateLayoutCell: 234e1582bcc4e18461af91155123bb96538ed030
  UMengAnalytics: fdf0c0a8c07d8bffc012ffa3c68e5d490af42098

COCOAPODS: 0.39.0
